
Microsoft Visual Studio Solution File, Format Version 12.00
# Visual Studio Version 17
VisualStudioVersion = 17.14.36221.1 d17.14
MinimumVisualStudioVersion = 10.0.40219.1
Project("{FAE04EC0-301F-11D3-BF4B-00C04F79EFBC}") = "Gerenciamento de Tarefas por Nome", "Gerenciamento de Tarefas por Nome\Gerenciamento de Tarefas por Nome.csproj", "{503B3D22-EE17-4F9D-A341-A2A6EC6D0F0A}"
EndProject
Global
	GlobalSection(SolutionConfigurationPlatforms) = preSolution
		Debug|Any CPU = Debug|Any CPU
		Release|Any CPU = Release|Any CPU
	EndGlobalSection
	GlobalSection(ProjectConfigurationPlatforms) = postSolution
		{503B3D22-EE17-4F9D-A341-A2A6EC6D0F0A}.Debug|Any CPU.ActiveCfg = Debug|Any CPU
		{503B3D22-EE17-4F9D-A341-A2A6EC6D0F0A}.Debug|Any CPU.Build.0 = Debug|Any CPU
		{503B3D22-EE17-4F9D-A341-A2A6EC6D0F0A}.Release|Any CPU.ActiveCfg = Release|Any CPU
		{503B3D22-EE17-4F9D-A341-A2A6EC6D0F0A}.Release|Any CPU.Build.0 = Release|Any CPU
	EndGlobalSection
	GlobalSection(SolutionProperties) = preSolution
		HideSolutionNode = FALSE
	EndGlobalSection
	GlobalSection(ExtensibilityGlobals) = postSolution
		SolutionGuid = {55C3E3E2-F203-44B4-8BF5-274B98F25196}
	EndGlobalSection
EndGlobal
